PATH
  remote: .
  specs:
    brut (0.22.0.pre.1)
      concurrent-ruby
      i18n
      irb
      lipgloss
      nokogiri
      opentelemetry-exporter-otlp
      opentelemetry-sdk
      ostruct
      phlex
      prism
      rack-protection
      rackup
      semantic_logger
      sequel
      sinatra
      tzinfo
      tzinfo-data
      unicode-display_width
      zeitwerk

GEM
  remote: https://rubygems.org/
  specs:
    activesupport (8.1.3)
      base64
      bigdecimal
      concurrent-ruby (~> 1.0, >= 1.3.1)
      connection_pool (>= 2.2.5)
      drb
      i18n (>= 1.6, < 2)
      json
      logger (>= 1.4.2)
      minitest (>= 5.1)
      securerandom (>= 0.3)
      tzinfo (~> 2.0, >= 2.0.5)
      uri (>= 0.13.1)
    ast (2.4.3)
    base64 (0.3.0)
    bigdecimal (4.1.2)
    concurrent-ruby (1.3.6)
    confidence-check (1.0.1)
    connection_pool (3.0.2)
    date (3.5.1)
    diff-lcs (1.6.2)
    dotenv (3.2.0)
    drb (2.2.3)
    erb (6.0.4)
    factory_bot (6.6.0)
      activesupport (>= 6.1.0)
    faker (3.8.0)
      i18n (>= 1.8.11, < 2)
    google-protobuf (4.35.0)
      bigdecimal
      rake (~> 13.3)
    google-protobuf (4.35.0-aarch64-linux-gnu)
      bigdecimal
      rake (~> 13.3)
    google-protobuf (4.35.0-aarch64-linux-musl)
      bigdecimal
      rake (~> 13.3)
    google-protobuf (4.35.0-arm64-darwin)
      bigdecimal
      rake (~> 13.3)
    google-protobuf (4.35.0-x86_64-darwin)
      bigdecimal
      rake (~> 13.3)
    google-protobuf (4.35.0-x86_64-linux-gnu)
      bigdecimal
      rake (~> 13.3)
    google-protobuf (4.35.0-x86_64-linux-musl)
      bigdecimal
      rake (~> 13.3)
    googleapis-common-protos-types (1.23.0)
      google-protobuf (~> 4.26)
    i18n (1.14.8)
      concurrent-ruby (~> 1.0)
    io-console (0.8.2)
    irb (1.18.0)
      pp (>= 0.6.0)
      prism (>= 1.3.0)
      rdoc (>= 4.0.0)
      reline (>= 0.4.2)
    json (2.19.8)
    language_server-protocol (3.17.0.5)
    lint_roller (1.1.0)
    lipgloss (0.2.2-aarch64-linux-gnu)
    lipgloss (0.2.2-aarch64-linux-musl)
    lipgloss (0.2.2-arm-linux-gnu)
    lipgloss (0.2.2-arm-linux-musl)
    lipgloss (0.2.2-arm64-darwin)
    lipgloss (0.2.2-x86_64-darwin)
    lipgloss (0.2.2-x86_64-linux-gnu)
    lipgloss (0.2.2-x86_64-linux-musl)
    logger (1.7.0)
    minitest (6.0.6)
      drb (~> 2.0)
      prism (~> 1.5)
    mustermann (3.1.1)
    nokogiri (1.19.3-aarch64-linux-gnu)
      racc (~> 1.4)
    nokogiri (1.19.3-aarch64-linux-musl)
      racc (~> 1.4)
    nokogiri (1.19.3-arm-linux-gnu)
      racc (~> 1.4)
    nokogiri (1.19.3-arm-linux-musl)
      racc (~> 1.4)
    nokogiri (1.19.3-arm64-darwin)
      racc (~> 1.4)
    nokogiri (1.19.3-x86_64-darwin)
      racc (~> 1.4)
    nokogiri (1.19.3-x86_64-linux-gnu)
      racc (~> 1.4)
    nokogiri (1.19.3-x86_64-linux-musl)
      racc (~> 1.4)
    opentelemetry-api (1.10.0)
      logger
    opentelemetry-common (0.25.0)
      opentelemetry-api (~> 1.0)
    opentelemetry-exporter-otlp (0.34.0)
      google-protobuf (>= 3.18)
      googleapis-common-protos-types (~> 1.3)
      opentelemetry-api (~> 1.1)
      opentelemetry-common (~> 0.20)
      opentelemetry-sdk (~> 1.10)
      opentelemetry-semantic_conventions
    opentelemetry-registry (0.6.0)
      opentelemetry-api (~> 1.1)
    opentelemetry-sdk (1.12.0)
      logger
      opentelemetry-api (~> 1.1)
      opentelemetry-common (~> 0.20)
      opentelemetry-registry (~> 0.2)
      opentelemetry-semantic_conventions
    opentelemetry-semantic_conventions (1.40.0)
      opentelemetry-api (~> 1.0)
    ostruct (0.6.3)
    parallel (2.1.0)
    parser (3.3.11.1)
      ast (~> 2.4.1)
      racc
    pg (1.6.3)
    pg (1.6.3-aarch64-linux)
    pg (1.6.3-aarch64-linux-musl)
    pg (1.6.3-arm64-darwin)
    pg (1.6.3-x86_64-darwin)
    pg (1.6.3-x86_64-linux)
    pg (1.6.3-x86_64-linux-musl)
    phlex (2.4.1)
      refract (~> 1.0)
      zeitwerk (~> 2.7)
    pp (0.6.3)
      prettyprint
    prettyprint (0.2.0)
    prism (1.9.0)
    psych (5.4.0)
      date
      stringio
    racc (1.8.1)
    rack (3.2.6)
    rack-protection (4.2.1)
      base64 (>= 0.1.0)
      logger (>= 1.6.0)
      rack (>= 3.0.0, < 4)
    rack-session (2.1.2)
      base64 (>= 0.1.0)
      rack (>= 3.0.0)
    rackup (2.3.1)
      rack (>= 3)
    rainbow (3.1.1)
    rake (13.4.2)
    rdiscount (2.2.7.5)
    rdoc (7.2.0)
      erb
      psych (>= 4.0.0)
      tsort
    refract (1.1.0)
      prism
      zeitwerk
    regexp_parser (2.12.0)
    reline (0.6.3)
      io-console (~> 0.5)
    rspec (3.13.2)
      rspec-core (~> 3.13.0)
      rspec-expectations (~> 3.13.0)
      rspec-mocks (~> 3.13.0)
    rspec-core (3.13.6)
      rspec-support (~> 3.13.0)
    rspec-expectations (3.13.5)
      diff-lcs (>= 1.2.0, < 2.0)
      rspec-support (~> 3.13.0)
    rspec-mocks (3.13.8)
      diff-lcs (>= 1.2.0, < 2.0)
      rspec-support (~> 3.13.0)
    rspec-support (3.13.7)
    rubocop (1.87.0)
      json (~> 2.3)
      language_server-protocol (~> 3.17.0.2)
      lint_roller (~> 1.1.0)
      parallel (>= 1.10)
      parser (>= 3.3.0.2)
      rainbow (>= 2.2.2, < 4.0)
      regexp_parser (>= 2.9.3, < 3.0)
      rubocop-ast (>= 1.49.0, < 2.0)
      ruby-progressbar (~> 1.7)
      unicode-display_width (>= 2.4.0, < 4.0)
    rubocop-ast (1.49.1)
      parser (>= 3.3.7.2)
      prism (~> 1.7)
    rubocop-disable_syntax (0.2.0)
      lint_roller
      rubocop (>= 1.72.0)
    ruby-progressbar (1.13.0)
    securerandom (0.4.1)
    semantic_logger (4.18.0)
      concurrent-ruby (~> 1.0)
    sequel (5.105.0)
      bigdecimal
    sinatra (4.2.1)
      logger (>= 1.6.0)
      mustermann (~> 3.0)
      rack (>= 3.0.0, < 4)
      rack-protection (= 4.2.1)
      rack-session (>= 2.0.0, < 3)
      tilt (~> 2.0)
    stringio (3.2.0)
    tilt (2.7.0)
    tsort (0.2.0)
    tzinfo (2.0.6)
      concurrent-ruby (~> 1.0)
    tzinfo-data (1.2026.2)
      tzinfo (>= 1.0.0)
    unicode-display_width (3.2.0)
      unicode-emoji (~> 4.1)
    unicode-emoji (4.2.0)
    uri (1.1.1)
    with_clues (1.3.0)
    yard (0.9.37)
    zeitwerk (2.8.2)

PLATFORMS
  aarch64-linux
  aarch64-linux-gnu
  aarch64-linux-musl
  arm-linux-gnu
  arm-linux-musl
  arm64-darwin
  x86_64-darwin
  x86_64-linux-gnu
  x86_64-linux-musl

DEPENDENCIES
  activesupport
  brut!
  bundler
  confidence-check
  dotenv
  factory_bot
  faker
  pg
  rake
  rdiscount
  rdoc
  rspec (~> 3.0)
  rubocop
  rubocop-disable_syntax
  with_clues
  yard (= 0.9.37)

CHECKSUMS
  activesupport (8.1.3) sha256=21a5e0dfbd4c3ddd9e1317ec6a4d782fa226e7867dc70b0743acda81a1dca20e
  ast (2.4.3) sha256=954615157c1d6a382bc27d690d973195e79db7f55e9765ac7c481c60bdb4d383
  base64 (0.3.0) sha256=27337aeabad6ffae05c265c450490628ef3ebd4b67be58257393227588f5a97b
  bigdecimal (4.1.2) sha256=53d217666027eab4280346fba98e7d5b66baaae1b9c3c1c0ffe89d48188a3fbd
  brut (0.22.0.pre.1)
  concurrent-ruby (1.3.6) sha256=6b56837e1e7e5292f9864f34b69c5a2cbc75c0cf5338f1ce9903d10fa762d5ab
  confidence-check (1.0.1) sha256=5f66c248dcd67ba264d0196d7ba4ed3c357d8b197b89112aca38352b3ad61c15
  connection_pool (3.0.2) sha256=33fff5ba71a12d2aa26cb72b1db8bba2a1a01823559fb01d29eb74c286e62e0a
  date (3.5.1) sha256=750d06384d7b9c15d562c76291407d89e368dda4d4fff957eb94962d325a0dc0
  diff-lcs (1.6.2) sha256=9ae0d2cba7d4df3075fe8cd8602a8604993efc0dfa934cff568969efb1909962
  dotenv (3.2.0) sha256=e375b83121ea7ca4ce20f214740076129ab8514cd81378161f11c03853fe619d
  drb (2.2.3) sha256=0b00d6fdb50995fe4a45dea13663493c841112e4068656854646f418fda13373
  erb (6.0.4) sha256=38e3803694be357fe2bfe312487c74beaf9fb4e5beb3e22498952fe1645b95d9
  factory_bot (6.6.0) sha256=1fc1b3b5620ec980a6a27aec1b6ec8c250ca82962e970e8a40f93e8d388d4b89
  faker (3.8.0) sha256=c147b308df73a90f27a4fc84f18d4c22ef0ad9c2a64b2b61c86fd0ca71753efc
  google-protobuf (4.35.0) sha256=95346162c792ed78c9a28cbf2d937a53f706de6df36a27471582f63f03c30c0d
  google-protobuf (4.35.0-aarch64-linux-gnu) sha256=2cabd61b420918aec1564f9f7414e455bf922d20c5f8139d62783df5558a7aea
  google-protobuf (4.35.0-aarch64-linux-musl) sha256=f6b11f3420a4564f68e8233c95eac6924f6a727dfc2f81a56af2e09add551501
  google-protobuf (4.35.0-arm64-darwin) sha256=66ab26d3fc82b8950702e53ab16c198e3c0ea3f2a38aaaf1f32152da45593ac5
  google-protobuf (4.35.0-x86_64-darwin) sha256=05eb5c8bc9899135befff496fc0a3642e7ff3d0943f043841dcc456f5654fea0
  google-protobuf (4.35.0-x86_64-linux-gnu) sha256=999226f3b00cd9fddb1b26851d16060212fa1d90c406aaad47e574682b716059
  google-protobuf (4.35.0-x86_64-linux-musl) sha256=be0218520d77b2aee898b363514b03819f6f63f9c041ae0d0d79b4ce5247bffd
  googleapis-common-protos-types (1.23.0) sha256=992e740a523794d9fc5f29a504465d8fc737aaa16c930fe7228e3346860faf0a
  i18n (1.14.8) sha256=285778639134865c5e0f6269e0b818256017e8cde89993fdfcbfb64d088824a5
  io-console (0.8.2) sha256=d6e3ae7a7cc7574f4b8893b4fca2162e57a825b223a177b7afa236c5ef9814cc
  irb (1.18.0) sha256=de9454a0703a54704b9811a5ef31a60c86949fbf4013fcf244fabc7c775248e3
  json (2.19.8) sha256=6354310fd76ef69b87d5bd1f38b40d730613baf90b6803d2d0a48f618d32dfaa
  language_server-protocol (3.17.0.5) sha256=fd1e39a51a28bf3eec959379985a72e296e9f9acfce46f6a79d31ca8760803cc
  lint_roller (1.1.0) sha256=2c0c845b632a7d172cb849cc90c1bce937a28c5c8ccccb50dfd46a485003cc87
  lipgloss (0.2.2-aarch64-linux-gnu) sha256=cb2e5db7fc14d85ec919223b5d16ad6d7be0ced096fec60e9f6e253d1c8718cd
  lipgloss (0.2.2-aarch64-linux-musl) sha256=e9c445531db8aa85efceeab73f09530dc53ed8f5b61aa78ab7fe2d6afb179b30
  lipgloss (0.2.2-arm-linux-gnu) sha256=e3f7424f430dd746f6d00bb587192e54f3fdd90a7fac3447da42b23d432952e8
  lipgloss (0.2.2-arm-linux-musl) sha256=16f76a7a161d5b7ed083167619760ab658bfc4f2c0bd4eecd518e05ad11c3f46
  lipgloss (0.2.2-arm64-darwin) sha256=fed911706463ed21d249eace2224cd39323e94f4ab2a55ff6763b358b780d18f
  lipgloss (0.2.2-x86_64-darwin) sha256=6f5bab39a31f38995c5fb964ca0a1f84af0102814b4406f8ca96f30da54e112e
  lipgloss (0.2.2-x86_64-linux-gnu) sha256=99b26dfc4eaa2bf2dfd9823f0894a06ef0b8f7f773db70ae8905d1c5d9d663ad
  lipgloss (0.2.2-x86_64-linux-musl) sha256=a05ebd4d16a441bbe657fafb269d0f9e6d89a1124b3288264efedc427b007703
  logger (1.7.0) sha256=196edec7cc44b66cfb40f9755ce11b392f21f7967696af15d274dde7edff0203
  minitest (6.0.6) sha256=153ea36d1d987a62942382b61075745042a2b3123b1cd48f4c3675af9cc7d6f1
  mustermann (3.1.1) sha256=4c6170c7234d5499c345562ba7c7dfe73e1754286dcc1abb053064d66a127198
  nokogiri (1.19.3-aarch64-linux-gnu) sha256=46b89e5d7b9e844c2ee360794240c6ea2a4e6fa0c5892a4ed487db621224b639
  nokogiri (1.19.3-aarch64-linux-musl) sha256=8392dfdcd21be7a94dbbe9ccc138dea01b97b24cb2dc02a114ca98bfb1d9a0b7
  nokogiri (1.19.3-arm-linux-gnu) sha256=3919d5ffc334ad778a4a9eb88fda7dcb8b1fb58c8a52ac640c6dcd2f038e774f
  nokogiri (1.19.3-arm-linux-musl) sha256=9ce1cb6346bb9c67b1550eb537aa183ead91e4b6eadb2f36ade02d8dd2a79fb6
  nokogiri (1.19.3-arm64-darwin) sha256=71b9bd424b1b7abc18b05052a1a3cfd3627abdca62be280854cc411791357e42
  nokogiri (1.19.3-x86_64-darwin) sha256=77f3fba57d46c53ab31e62fc6c28f705109d1bf6264356c76f132b2be5728d4d
  nokogiri (1.19.3-x86_64-linux-gnu) sha256=2f5078620fe12e83669b5b17311b32532a8153d02eee7ad06948b926d6080976
  nokogiri (1.19.3-x86_64-linux-musl) sha256=248c906d2166eca5efb56d52fdee5f9a1f51d69a72e2b64fdac647b4ce39ea3f
  opentelemetry-api (1.10.0) sha256=99ee7c829b18381c31a817ee9bf6a160d737542d99cb8da55d443336d266bfa9
  opentelemetry-common (0.25.0) sha256=73915362e58d337fc92acbe1abfdaee1f725442527125fdb2af1420417f1149d
  opentelemetry-exporter-otlp (0.34.0) sha256=3b3cdf4329ba30f4389d849c7f13b8f9f983ecb4a030031c03997dffae1e2a60
  opentelemetry-registry (0.6.0) sha256=5d3ed32ab9eee0fbdb30d4f0d0bb61ad11a4040b267b475ae815b80a8498a728
  opentelemetry-sdk (1.12.0) sha256=a224abe0c59023d41cb7ac1c634d9d28843907efcd045ed1ae320796c48b864b
  opentelemetry-semantic_conventions (1.40.0) sha256=32839d4127102986447080098d1dbad9945d18ab96e9c8cb6657166baf64f441
  ostruct (0.6.3) sha256=95a2ed4a4bd1d190784e666b47b2d3f078e4a9efda2fccf18f84ddc6538ed912
  parallel (2.1.0) sha256=b35258865c2e31134c5ecb708beaaf6772adf9d5efae28e93e99260877b09356
  parser (3.3.11.1) sha256=d17ace7aabe3e72c3cc94043714be27cc6f852f104d81aa284c2281aecc65d54
  pg (1.6.3) sha256=1388d0563e13d2758c1089e35e973a3249e955c659592d10e5b77c468f628a99
  pg (1.6.3-aarch64-linux) sha256=0698ad563e02383c27510b76bf7d4cd2de19cd1d16a5013f375dd473e4be72ea
  pg (1.6.3-aarch64-linux-musl) sha256=06a75f4ea04b05140146f2a10550b8e0d9f006a79cdaf8b5b130cde40e3ecc2c
  pg (1.6.3-arm64-darwin) sha256=7240330b572e6355d7c75a7de535edb5dfcbd6295d9c7777df4d9dddfb8c0e5f
  pg (1.6.3-x86_64-darwin) sha256=ee2e04a17c0627225054ffeb43e31a95be9d7e93abda2737ea3ce4a62f2729d6
  pg (1.6.3-x86_64-linux) sha256=5d9e188c8f7a0295d162b7b88a768d8452a899977d44f3274d1946d67920ae8d
  pg (1.6.3-x86_64-linux-musl) sha256=9c9c90d98c72f78eb04c0f55e9618fe55d1512128e411035fe229ff427864009
  phlex (2.4.1) sha256=e596717fbfe38b5271840266758779ebe75092e02629f0c170287e6290a70b12
  pp (0.6.3) sha256=2951d514450b93ccfeb1df7d021cae0da16e0a7f95ee1e2273719669d0ab9df6
  prettyprint (0.2.0) sha256=2bc9e15581a94742064a3cc8b0fb9d45aae3d03a1baa6ef80922627a0766f193
  prism (1.9.0) sha256=7b530c6a9f92c24300014919c9dcbc055bf4cdf51ec30aed099b06cd6674ef85
  psych (5.4.0) sha256=14f72d69a611af663d7d70e4a7b67d9eb1f3ae9f8d916b478961d5a0075ba5b7
  racc (1.8.1) sha256=4a7f6929691dbec8b5209a0b373bc2614882b55fc5d2e447a21aaa691303d62f
  rack (3.2.6) sha256=5ed78e1f73b2e25679bec7d45ee2d4483cc4146eb1be0264fc4d94cb5ef212c2
  rack-protection (4.2.1) sha256=cf6e2842df8c55f5e4d1a4be015e603e19e9bc3a7178bae58949ccbb58558bac
  rack-session (2.1.2) sha256=595434f8c0c3473ae7d7ac56ecda6cc6dfd9d37c0b2b5255330aa1576967ffe8
  rackup (2.3.1) sha256=6c79c26753778e90983761d677a48937ee3192b3ffef6bc963c0950f94688868
  rainbow (3.1.1) sha256=039491aa3a89f42efa1d6dec2fc4e62ede96eb6acd95e52f1ad581182b79bc6a
  rake (13.4.2) sha256=cb825b2bd5f1f8e91ca37bddb4b9aaf345551b4731da62949be002fa89283701
  rdiscount (2.2.7.5) sha256=acbb9e004c15657800b928aff6bc6d32d87ffd4cdf978fbf95af845c03f1742f
  rdoc (7.2.0) sha256=8650f76cd4009c3b54955eb5d7e3a075c60a57276766ebf36f9085e8c9f23192
  refract (1.1.0) sha256=ee3b9627e39f7692831101e2fedd73e0d09a592ff5d5c05f171d14211fc7a9c7
  regexp_parser (2.12.0) sha256=35a916a1d63190ab5c9009457136ae5f3c0c7512d60291d0d1378ba18ce08ebb
  reline (0.6.3) sha256=1198b04973565b36ec0f11542ab3f5cfeeec34823f4e54cebde90968092b1835
  rspec (3.13.2) sha256=206284a08ad798e61f86d7ca3e376718d52c0bc944626b2349266f239f820587
  rspec-core (3.13.6) sha256=a8823c6411667b60a8bca135364351dda34cd55e44ff94c4be4633b37d828b2d
  rspec-expectations (3.13.5) sha256=33a4d3a1d95060aea4c94e9f237030a8f9eae5615e9bd85718fe3a09e4b58836
  rspec-mocks (3.13.8) sha256=086ad3d3d17533f4237643de0b5c42f04b66348c28bf6b9c2d3f4a3b01af1d47
  rspec-support (3.13.7) sha256=0640e5570872aafefd79867901deeeeb40b0c9875a36b983d85f54fb7381c47c
  rubocop (1.87.0) sha256=b9d9ddf55116a513f8ef2c7ae660662d8b49301f118d3f0df61865b33a5c188d
  rubocop-ast (1.49.1) sha256=4412f3ee70f6fe4546cc489548e0f6fcf76cafcfa80fa03af67098ffed755035
  rubocop-disable_syntax (0.2.0) sha256=1e61645773b3fc2f74e995ec65f605f7db59437c274fdfd4f385f60bf86af73e
  ruby-progressbar (1.13.0) sha256=80fc9c47a9b640d6834e0dc7b3c94c9df37f08cb072b7761e4a71e22cff29b33
  securerandom (0.4.1) sha256=cc5193d414a4341b6e225f0cb4446aceca8e50d5e1888743fac16987638ea0b1
  semantic_logger (4.18.0) sha256=b00e4480b63d844628ce383e80d564626fe2fdb525ecf378dbc4df7828dead8b
  sequel (5.105.0) sha256=4191d5e5d011b7229ff8a3401ca6beac047c4d35b1ec6703376513b4b25b2e67
  sinatra (4.2.1) sha256=b7aeb9b11d046b552972ade834f1f9be98b185fa8444480688e3627625377080
  stringio (3.2.0) sha256=c37cb2e58b4ffbd33fe5cd948c05934af997b36e0b6ca6fdf43afa234cf222e1
  tilt (2.7.0) sha256=0d5b9ba69f6a36490c64b0eee9f6e9aad517e20dcc848800a06eb116f08c6ab3
  tsort (0.2.0) sha256=9650a793f6859a43b6641671278f79cfead60ac714148aabe4e3f0060480089f
  tzinfo (2.0.6) sha256=8daf828cc77bcf7d63b0e3bdb6caa47e2272dcfaf4fbfe46f8c3a9df087a829b
  tzinfo-data (1.2026.2) sha256=7db0d3d3d53b8d7601fc183fccc8c6d056a3004e14eb59ea995bf6aec4ae10bc
  unicode-display_width (3.2.0) sha256=0cdd96b5681a5949cdbc2c55e7b420facae74c4aaf9a9815eee1087cb1853c42
  unicode-emoji (4.2.0) sha256=519e69150f75652e40bf736106cfbc8f0f73aa3fb6a65afe62fefa7f80b0f80f
  uri (1.1.1) sha256=379fa58d27ffb1387eaada68c749d1426738bd0f654d812fcc07e7568f5c57c6
  with_clues (1.3.0) sha256=f3ec9063dc2f941cf8dac41fb43361df762a0fa4e800e646c6d0ffc00ffb479e
  yard (0.9.37) sha256=a6e910399e78e613f80ba9add9ba7c394b1a935f083cccbef82903a3d2a26992
  zeitwerk (2.8.2) sha256=7212a61311083c604184b1ea2574b9aa05cd14f855a0841c06985cabe9181d12

BUNDLED WITH
  4.0.14
